
Microsoft Visual Studio Solution File, Format Version 12.00
# Visual Studio Version 16
VisualStudioVersion = 16.0.31129.286
MinimumVisualStudioVersion = 10.0.40219.1
Project("{FAE04EC0-301F-11D3-BF4B-00C04F79EFBC}") = "ControleOSPRF", "ControleOSPRF.csproj", "{FCF2E2E3-4C8E-496C-B054-951A47AAA12C}"
EndProject
Global
	GlobalSection(SolutionConfigurationPlatforms) = preSolution
		Debug|Any CPU = Debug|Any CPU
		Release|Any CPU = Release|Any CPU
	EndGlobalSection
	GlobalSection(ProjectConfigurationPlatforms) = postSolution
		{FCF2E2E3-4C8E-496C-B054-951A47AAA12C}.Debug|Any CPU.ActiveCfg = Debug|Any CPU
		{FCF2E2E3-4C8E-496C-B054-951A47AAA12C}.Debug|Any CPU.Build.0 = Debug|Any CPU
		{FCF2E2E3-4C8E-496C-B054-951A47AAA12C}.Release|Any CPU.ActiveCfg = Release|Any CPU
		{FCF2E2E3-4C8E-496C-B054-951A47AAA12C}.Release|Any CPU.Build.0 = Release|Any CPU
	EndGlobalSection
	GlobalSection(SolutionProperties) = preSolution
		HideSolutionNode = FALSE
	EndGlobalSection
	GlobalSection(ExtensibilityGlobals) = postSolution
		SolutionGuid = {1702F4F0-8038-47FF-9520-89375BABE665}
	EndGlobalSection
EndGlobal
